
Microsoft Visual Studio Solution File, Format Version 12.00
# Visual Studio Version 16
VisualStudioVersion = 16.0.29709.97
MinimumVisualStudioVersion = 10.0.40219.1
Project("{9A19103F-16F7-4668-BE54-9A1E7A4F7556}") = "SoapService", "SoapService.csproj", "{A0C129D5-4A0A-40D8-8C1D-02E19AC3C1C6}"
EndProject
Project("{FAE04EC0-301F-11D3-BF4B-00C04F79EFBC}") = "SoapClient", "..\SoapClient\SoapClient.csproj", "{E2E2AFD3-A912-4DC8-B1DF-8A66FECFCEE0}"
EndProject
Global
	GlobalSection(SolutionConfigurationPlatforms) = preSolution
		Debug|Any CPU = Debug|Any CPU
		Release|Any CPU = Release|Any CPU
	EndGlobalSection
	GlobalSection(ProjectConfigurationPlatforms) = postSolution
		{A0C129D5-4A0A-40D8-8C1D-02E19AC3C1C6}.Debug|Any CPU.ActiveCfg = Debug|Any CPU
		{A0C129D5-4A0A-40D8-8C1D-02E19AC3C1C6}.Debug|Any CPU.Build.0 = Debug|Any CPU
		{A0C129D5-4A0A-40D8-8C1D-02E19AC3C1C6}.Release|Any CPU.ActiveCfg = Release|Any CPU
		{A0C129D5-4A0A-40D8-8C1D-02E19AC3C1C6}.Release|Any CPU.Build.0 = Release|Any CPU
		{E2E2AFD3-A912-4DC8-B1DF-8A66FECFCEE0}.Debug|Any CPU.ActiveCfg = Debug|Any CPU
		{E2E2AFD3-A912-4DC8-B1DF-8A66FECFCEE0}.Debug|Any CPU.Build.0 = Debug|Any CPU
		{E2E2AFD3-A912-4DC8-B1DF-8A66FECFCEE0}.Release|Any CPU.ActiveCfg = Release|Any CPU
		{E2E2AFD3-A912-4DC8-B1DF-8A66FECFCEE0}.Release|Any CPU.Build.0 = Release|Any CPU
	EndGlobalSection
	GlobalSection(SolutionProperties) = preSolution
		HideSolutionNode = FALSE
	EndGlobalSection
	GlobalSection(ExtensibilityGlobals) = postSolution
		SolutionGuid = {86655149-1717-4F6C-BC87-E60F06854A71}
	EndGlobalSection
EndGlobal
